// !$*UTF8*$!
{
	archiveVersion = 1;
	classes = {
	};
	objectVersion = 77;
	objects = {

/* Begin PBXBuildFile section */
		AC3032F92EDD2CA1009059C6 /* FirebaseAnalytics in Frameworks */ = {isa = PBXBuildFile; productRef = AC3032F82EDD2CA1009059C6 /* FirebaseAnalytics */; };
		AC3032FB2EDD2CA1009059C6 /* FirebaseCore in Frameworks */ = {isa = PBXBuildFile; productRef = AC3032FA2EDD2CA1009059C6 /* FirebaseCore */; };
		AC3032FD2EDD2CA1009059C6 /* FirebaseDatabase in Frameworks */ = {isa = PBXBuildFile; productRef = AC3032FC2EDD2CA1009059C6 /* FirebaseDatabase */; };
		AC3032FF2EDD3043009059C6 /* FirebaseCore in Frameworks */ = {isa = PBXBuildFile; productRef = AC3032FE2EDD3043009059C6 /* FirebaseCore */; };
		AC3033012EDD3326009059C6 /* FirebaseCore in Frameworks */ = {isa = PBXBuildFile; productRef = AC3033002EDD3326009059C6 /* FirebaseCore */; };
		AC40A1002F2F9D8D009059C6 /* FirebaseAuth in Frameworks */ = {isa = PBXBuildFile; productRef = AC40A1012F2F9D8D009059C6 /* FirebaseAuth */; };
/* End PBXBuildFile section */

/* Begin PBXContainerItemProxy section */
		AC3032992ED94242009059C6 /* PBXContainerItemProxy */ = {
			isa = PBXContainerItemProxy;
			containerPortal = AC30327F2ED9423F009059C6 /* Project object */;
			proxyType = 1;
			remoteGlobalIDString = AC3032862ED9423F009059C6;
			remoteInfo = LittlePicto;
		};
		AC3032A32ED94242009059C6 /* PBXContainerItemProxy */ = {
			isa = PBXContainerItemProxy;
			containerPortal = AC30327F2ED9423F009059C6 /* Project object */;
			proxyType = 1;
			remoteGlobalIDString = AC3032862ED9423F009059C6;
			remoteInfo = LittlePicto;
		};
/* End PBXContainerItemProxy section */

/* Begin PBXFileReference section */
		AC3032872ED9423F009059C6 /* LittlePicto.app */ = {isa = PBXFileReference; explicitFileType = wrapper.application; includeInIndex = 0; path = LittlePicto.app; sourceTree = BUILT_PRODUCTS_DIR; };
		AC3032982ED94242009059C6 /* LittlePictoTests.xctest */ = {isa = PBXFileReference; explicitFileType = wrapper.cfbundle; includeInIndex = 0; path = LittlePictoTests.xctest; sourceTree = BUILT_PRODUCTS_DIR; };
		AC3032A22ED94242009059C6 /* LittlePictoUITests.xctest */ = {isa = PBXFileReference; explicitFileType = wrapper.cfbundle; includeInIndex = 0; path = LittlePictoUITests.xctest; sourceTree = BUILT_PRODUCTS_DIR; };
/* End PBXFileReference section */

/* Begin PBXFileSystemSynchronizedRootGroup section */
		AC3032892ED9423F009059C6 /* LittlePicto */ = {
			isa = PBXFileSystemSynchronizedRootGroup;
			path = LittlePicto;
			sourceTree = "<group>";
		};
		AC30329B2ED94242009059C6 /* LittlePictoTests */ = {
			isa = PBXFileSystemSynchronizedRootGroup;
			path = LittlePictoTests;
			sourceTree = "<group>";
		};
		AC3032A52ED94242009059C6 /* LittlePictoUITests */ = {
			isa = PBXFileSystemSynchronizedRootGroup;
			path = LittlePictoUITests;
			sourceTree = "<group>";
		};
/* End PBXFileSystemSynchronizedRootGroup section */

/* Begin PBXFrameworksBuildPhase section */
		AC3032842ED9423F009059C6 /* Frameworks */ = {
			isa = PBXFrameworksBuildPhase;
			buildActionMask = 2147483647;
			files = (
				AC3032F92EDD2CA1009059C6 /* FirebaseAnalytics in Frameworks */,
				AC3032FF2EDD3043009059C6 /* FirebaseCore in Frameworks */,
				AC3032FB2EDD2CA1009059C6 /* FirebaseCore in Frameworks */,
				AC3032FD2EDD2CA1009059C6 /* FirebaseDatabase in Frameworks */,
				AC3033012EDD3326009059C6 /* FirebaseCore in Frameworks */,
				AC40A1002F2F9D8D009059C6 /* FirebaseAuth in Frameworks */,
			);
			runOnlyForDeploymentPostprocessing = 0;
		};
		AC3032952ED94242009059C6 /* Frameworks */ = {
			isa = PBXFrameworksBuildPhase;
			buildActionMask = 2147483647;
			files = (
			);
			runOnlyForDeploymentPostprocessing = 0;
		};
		AC30329F2ED94242009059C6 /* Frameworks */ = {
			isa = PBXFrameworksBuildPhase;
			buildActionMask = 2147483647;
			files = (
			);
			runOnlyForDeploymentPostprocessing = 0;
		};
/* End PBXFrameworksBuildPhase section */

/* Begin PBXGroup section */
		AC30327E2ED9423F009059C6 = {
			isa = PBXGroup;
			children = (
				AC3032892ED9423F009059C6 /* LittlePicto */,
				AC30329B2ED94242009059C6 /* LittlePictoTests */,
				AC3032A52ED94242009059C6 /* LittlePictoUITests */,
				AC3032882ED9423F009059C6 /* Products */,
			);
			sourceTree = "<group>";
		};
		AC3032882ED9423F009059C6 /* Products */ = {
			isa = PBXGroup;
			children = (
				AC3032872ED9423F009059C6 /* LittlePicto.app */,
				AC3032982ED94242009059C6 /* LittlePictoTests.xctest */,
				AC3032A22ED94242009059C6 /* LittlePictoUITests.xctest */,
			);
			name = Products;
			sourceTree = "<group>";
		};
/* End PBXGroup section */

/* Begin PBXNativeTarget section */
		AC3032862ED9423F009059C6 /* LittlePicto */ = {
			isa = PBXNativeTarget;
			buildConfigurationList = AC3032AC2ED94242009059C6 /* Build configuration list for PBXNativeTarget "LittlePicto" */;
			buildPhases = (
				AC3032832ED9423F009059C6 /* Sources */,
				AC3032842ED9423F009059C6 /* Frameworks */,
				AC3032852ED9423F009059C6 /* Resources */,
			);
			buildRules = (
			);
			dependencies = (
			);
			fileSystemSynchronizedGroups = (
				AC3032892ED9423F009059C6 /* LittlePicto */,
			);
			name = LittlePicto;
			packageProductDependencies = (
				AC40A1012F2F9D8D009059C6 /* FirebaseAuth */,
				AC3032F82EDD2CA1009059C6 /* FirebaseAnalytics */,
				AC3032FA2EDD2CA1009059C6 /* FirebaseCore */,
				AC3032FC2EDD2CA1009059C6 /* FirebaseDatabase */,
				AC3032FE2EDD3043009059C6 /* FirebaseCore */,
				AC3033002EDD3326009059C6 /* FirebaseCore */,
			);
			productName = LittlePicto;
			productReference = AC3032872ED9423F009059C6 /* LittlePicto.app */;
			productType = "com.apple.product-type.application";
		};
		AC3032972ED94242009059C6 /* LittlePictoTests */ = {
			isa = PBXNativeTarget;
			buildConfigurationList = AC3032AF2ED94242009059C6 /* Build configuration list for PBXNativeTarget "LittlePictoTests" */;
			buildPhases = (
				AC3032942ED94242009059C6 /* Sources */,
				AC3032952ED94242009059C6 /* Frameworks */,
				AC3032962ED94242009059C6 /* Resources */,
			);
			buildRules = (
			);
			dependencies = (
				AC30329A2ED94242009059C6 /* PBXTargetDependency */,
			);
			fileSystemSynchronizedGroups = (
				AC30329B2ED94242009059C6 /* LittlePictoTests */,
			);
			name = LittlePictoTests;
			packageProductDependencies = (
			);
			productName = LittlePictoTests;
			productReference = AC3032982ED94242009059C6 /* LittlePictoTests.xctest */;
			productType = "com.apple.product-type.bundle.unit-test";
		};
		AC3032A12ED94242009059C6 /* LittlePictoUITests */ = {
			isa = PBXNativeTarget;
			buildConfigurationList = AC3032B22ED94242009059C6 /* Build configuration list for PBXNativeTarget "LittlePictoUITests" */;
			buildPhases = (
				AC30329E2ED94242009059C6 /* Sources */,
				AC30329F2ED94242009059C6 /* Frameworks */,
				AC3032A02ED94242009059C6 /* Resources */,
			);
			buildRules = (
			);
			dependencies = (
				AC3032A42ED94242009059C6 /* PBXTargetDependency */,
			);
			fileSystemSynchronizedGroups = (
				AC3032A52ED94242009059C6 /* LittlePictoUITests */,
			);
			name = LittlePictoUITests;
			packageProductDependencies = (
			);
			productName = LittlePictoUITests;
			productReference = AC3032A22ED94242009059C6 /* LittlePictoUITests.xctest */;
			productType = "com.apple.product-type.bundle.ui-testing";
		};
/* End PBXNativeTarget section */

/* Begin PBXProject section */
		AC30327F2ED9423F009059C6 /* Project object */ = {
			isa = PBXProject;
			attributes = {
				BuildIndependentTargetsInParallel = 1;
				LastSwiftUpdateCheck = 1620;
				LastUpgradeCheck = 1620;
				TargetAttributes = {
					AC3032862ED9423F009059C6 = {
						CreatedOnToolsVersion = 16.2;
					};
					AC3032972ED94242009059C6 = {
						CreatedOnToolsVersion = 16.2;
						TestTargetID = AC3032862ED9423F009059C6;
					};
					AC3032A12ED94242009059C6 = {
						CreatedOnToolsVersion = 16.2;
						TestTargetID = AC3032862ED9423F009059C6;
					};
				};
			};
			buildConfigurationList = AC3032822ED9423F009059C6 /* Build configuration list for PBXProject "LittlePicto" */;
			developmentRegion = en;
			hasScannedForEncodings = 0;
			knownRegions = (
				en,
				Base,
			);
			mainGroup = AC30327E2ED9423F009059C6;
			minimizedProjectReferenceProxies = 1;
			packageReferences = (
				AC3032B72ED96739009059C6 /* XCRemoteSwiftPackageReference "firebase-ios-sdk" */,
			);
			preferredProjectObjectVersion = 77;
			productRefGroup = AC3032882ED9423F009059C6 /* Products */;
			projectDirPath = "";
			projectRoot = "";
			targets = (
				AC3032862ED9423F009059C6 /* LittlePicto */,
				AC3032972ED94242009059C6 /* LittlePictoTests */,
				AC3032A12ED94242009059C6 /* LittlePictoUITests */,
			);
		};
/* End PBXProject section */

/* Begin PBXResourcesBuildPhase section */
		AC3032852ED9423F009059C6 /* Resources */ = {
			isa = PBXResourcesBuildPhase;
			buildActionMask = 2147483647;
			files = (
			);
			runOnlyForDeploymentPostprocessing = 0;
		};
		AC3032962ED94242009059C6 /* Resources */ = {
			isa = PBXResourcesBuildPhase;
			buildActionMask = 2147483647;
			files = (
			);
			runOnlyForDeploymentPostprocessing = 0;
		};
		AC3032A02ED94242009059C6 /* Resources */ = {
			isa = PBXResourcesBuildPhase;
			buildActionMask = 2147483647;
			files = (
			);
			runOnlyForDeploymentPostprocessing = 0;
		};
/* End PBXResourcesBuildPhase section */

/* Begin PBXSourcesBuildPhase section */
		AC3032832ED9423F009059C6 /* Sources */ = {
			isa = PBXSourcesBuildPhase;
			buildActionMask = 2147483647;
			files = (
			);
			runOnlyForDeploymentPostprocessing = 0;
		};
		AC3032942ED94242009059C6 /* Sources */ = {
			isa = PBXSourcesBuildPhase;
			buildActionMask = 2147483647;
			files = (
			);
			runOnlyForDeploymentPostprocessing = 0;
		};
		AC30329E2ED94242009059C6 /* Sources */ = {
			isa = PBXSourcesBuildPhase;
			buildActionMask = 2147483647;
			files = (
			);
			runOnlyForDeploymentPostprocessing = 0;
		};
/* End PBXSourcesBuildPhase section */

/* Begin PBXTargetDependency section */
		AC30329A2ED94242009059C6 /* PBXTargetDependency */ = {
			isa = PBXTargetDependency;
			target = AC3032862ED9423F009059C6 /* LittlePicto */;
			targetProxy = AC3032992ED94242009059C6 /* PBXContainerItemProxy */;
		};
		AC3032A42ED94242009059C6 /* PBXTargetDependency */ = {
			isa = PBXTargetDependency;
			target = AC3032862ED9423F009059C6 /* LittlePicto */;
			targetProxy = AC3032A32ED94242009059C6 /* PBXContainerItemProxy */;
		};
/* End PBXTargetDependency section */

/* Begin XCBuildConfiguration section */
		AC3032AA2ED94242009059C6 /* Debug */ = {
			isa = XCBuildConfiguration;
			buildSettings = {
				ALWAYS_SEARCH_USER_PATHS = NO;
				ASSETCATALOG_COMPILER_GENERATE_SWIFT_ASSET_SYMBOL_EXTENSIONS = YES;
				CLANG_ANALYZER_NONNULL = YES;
				CLANG_ANALYZER_NUMBER_OBJECT_CONVERSION = YES_AGGRESSIVE;
				CLANG_CXX_LANGUAGE_STANDARD = "gnu++20";
				CLANG_ENABLE_MODULES = YES;
				CLANG_ENABLE_OBJC_ARC = YES;
				CLANG_ENABLE_OBJC_WEAK = YES;
				CLANG_WARN_BLOCK_CAPTURE_AUTORELEASING = YES;
				CLANG_WARN_BOOL_CONVERSION = YES;
				CLANG_WARN_COMMA = YES;
				CLANG_WARN_CONSTANT_CONVERSION = YES;
				CLANG_WARN_DEPRECATED_OBJC_IMPLEMENTATIONS = YES;
				CLANG_WARN_DIRECT_OBJC_ISA_USAGE = YES_ERROR;
				CLANG_WARN_DOCUMENTATION_COMMENTS = YES;
				CLANG_WARN_EMPTY_BODY = YES;
				CLANG_WARN_ENUM_CONVERSION = YES;
				CLANG_WARN_INFINITE_RECURSION = YES;
				CLANG_WARN_INT_CONVERSION = YES;
				CLANG_WARN_NON_LITERAL_NULL_CONVERSION = YES;
				CLANG_WARN_OBJC_IMPLICIT_RETAIN_SELF = YES;
				CLANG_WARN_OBJC_LITERAL_CONVERSION = YES;
				CLANG_WARN_OBJC_ROOT_CLASS = YES_ERROR;
				CLANG_WARN_QUOTED_INCLUDE_IN_FRAMEWORK_HEADER = YES;
				CLANG_WARN_RANGE_LOOP_ANALYSIS = YES;
				CLANG_WARN_STRICT_PROTOTYPES = YES;
				CLANG_WARN_SUSPICIOUS_MOVE = YES;
				CLANG_WARN_UNGUARDED_AVAILABILITY = YES_AGGRESSIVE;
				CLANG_WARN_UNREACHABLE_CODE = YES;
				CLANG_WARN__DUPLICATE_METHOD_MATCH = YES;
				COPY_PHASE_STRIP = NO;
				DEBUG_INFORMATION_FORMAT = dwarf;
				ENABLE_STRICT_OBJC_MSGSEND = YES;
				ENABLE_TESTABILITY = YES;
				ENABLE_USER_SCRIPT_SANDBOXING = YES;
				GCC_C_LANGUAGE_STANDARD = gnu17;
				GCC_DYNAMIC_NO_PIC = NO;
				GCC_NO_COMMON_BLOCKS = YES;
				GCC_OPTIMIZATION_LEVEL = 0;
				GCC_PREPROCESSOR_DEFINITIONS = (
					"DEBUG=1",
					"$(inherited)",
				);
				GCC_WARN_64_TO_32_BIT_CONVERSION = YES;
				GCC_WARN_ABOUT_RETURN_TYPE = YES_ERROR;
				GCC_WARN_UNDECLARED_SELECTOR = YES;
				GCC_WARN_UNINITIALIZED_AUTOS = YES_AGGRESSIVE;
				GCC_WARN_UNUSED_FUNCTION = YES;
				GCC_WARN_UNUSED_VARIABLE = YES;
				LOCALIZATION_PREFERS_STRING_CATALOGS = YES;
				MTL_ENABLE_DEBUG_INFO = INCLUDE_SOURCE;
				MTL_FAST_MATH = YES;
				ONLY_ACTIVE_ARCH = YES;
				SWIFT_ACTIVE_COMPILATION_CONDITIONS = "DEBUG $(inherited)";
				SWIFT_OPTIMIZATION_LEVEL = "-Onone";
			};
			name = Debug;
		};
		AC3032AB2ED94242009059C6 /* Release */ = {
			isa = XCBuildConfiguration;
			buildSettings = {
				ALWAYS_SEARCH_USER_PATHS = NO;
				ASSETCATALOG_COMPILER_GENERATE_SWIFT_ASSET_SYMBOL_EXTENSIONS = YES;
				CLANG_ANALYZER_NONNULL = YES;
				CLANG_ANALYZER_NUMBER_OBJECT_CONVERSION = YES_AGGRESSIVE;
				CLANG_CXX_LANGUAGE_STANDARD = "gnu++20";
				CLANG_ENABLE_MODULES = YES;
				CLANG_ENABLE_OBJC_ARC = YES;
				CLANG_ENABLE_OBJC_WEAK = YES;
				CLANG_WARN_BLOCK_CAPTURE_AUTORELEASING = YES;
				CLANG_WARN_BOOL_CONVERSION = YES;
				CLANG_WARN_COMMA = YES;
				CLANG_WARN_CONSTANT_CONVERSION = YES;
				CLANG_WARN_DEPRECATED_OBJC_IMPLEMENTATIONS = YES;
				CLANG_WARN_DIRECT_OBJC_ISA_USAGE = YES_ERROR;
				CLANG_WARN_DOCUMENTATION_COMMENTS = YES;
				CLANG_WARN_EMPTY_BODY = YES;
				CLANG_WARN_ENUM_CONVERSION = YES;
				CLANG_WARN_INFINITE_RECURSION = YES;
				CLANG_WARN_INT_CONVERSION = YES;
				CLANG_WARN_NON_LITERAL_NULL_CONVERSION = YES;
				CLANG_WARN_OBJC_IMPLICIT_RETAIN_SELF = YES;
				CLANG_WARN_OBJC_LITERAL_CONVERSION = YES;
				CLANG_WARN_OBJC_ROOT_CLASS = YES_ERROR;
				CLANG_WARN_QUOTED_INCLUDE_IN_FRAMEWORK_HEADER = YES;
				CLANG_WARN_RANGE_LOOP_ANALYSIS = YES;
				CLANG_WARN_STRICT_PROTOTYPES = YES;
				CLANG_WARN_SUSPICIOUS_MOVE = YES;
				CLANG_WARN_UNGUARDED_AVAILABILITY = YES_AGGRESSIVE;
				CLANG_WARN_UNREACHABLE_CODE = YES;
				CLANG_WARN__DUPLICATE_METHOD_MATCH = YES;
				COPY_PHASE_STRIP = NO;
				DEBUG_INFORMATION_FORMAT = "dwarf-with-dsym";
				ENABLE_NS_ASSERTIONS = NO;
				ENABLE_STRICT_OBJC_MSGSEND = YES;
				ENABLE_USER_SCRIPT_SANDBOXING = YES;
				GCC_C_LANGUAGE_STANDARD = gnu17;
				GCC_NO_COMMON_BLOCKS = YES;
				GCC_WARN_64_TO_32_BIT_CONVERSION = YES;
				GCC_WARN_ABOUT_RETURN_TYPE = YES_ERROR;
				GCC_WARN_UNDECLARED_SELECTOR = YES;
				GCC_WARN_UNINITIALIZED_AUTOS = YES_AGGRESSIVE;
				GCC_WARN_UNUSED_FUNCTION = YES;
				GCC_WARN_UNUSED_VARIABLE = YES;
				LOCALIZATION_PREFERS_STRING_CATALOGS = YES;
				MTL_ENABLE_DEBUG_INFO = NO;
				MTL_FAST_MATH = YES;
				SWIFT_COMPILATION_MODE = wholemodule;
			};
			name = Release;
		};
		AC3032AD2ED94242009059C6 /* Debug */ = {
			isa = XCBuildConfiguration;
			buildSettings = {
				ASSETCATALOG_COMPILER_APPICON_NAME = AppIcon;
				ASSETCATALOG_COMPILER_GLOBAL_ACCENT_COLOR_NAME = AccentColor;
				CODE_SIGN_ENTITLEMENTS = LittlePicto/LittlePicto.entitlements;
				CODE_SIGN_STYLE = Automatic;
				CURRENT_PROJECT_VERSION = 1;
				DEVELOPMENT_ASSET_PATHS = "\"LittlePicto/Preview Content\"";
				DEVELOPMENT_TEAM = ZNZ9Q84XS5;
				ENABLE_HARDENED_RUNTIME = YES;
				ENABLE_PREVIEWS = YES;
				GENERATE_INFOPLIST_FILE = YES;
				"INFOPLIST_KEY_UIApplicationSceneManifest_Generation[sdk=iphoneos*]" = YES;
				"INFOPLIST_KEY_UIApplicationSceneManifest_Generation[sdk=iphonesimulator*]" = YES;
				"INFOPLIST_KEY_UIApplicationSupportsIndirectInputEvents[sdk=iphoneos*]" = YES;
				"INFOPLIST_KEY_UIApplicationSupportsIndirectInputEvents[sdk=iphonesimulator*]" = YES;
				"INFOPLIST_KEY_UILaunchScreen_Generation[sdk=iphoneos*]" = YES;
				"INFOPLIST_KEY_UILaunchScreen_Generation[sdk=iphonesimulator*]" = YES;
				"INFOPLIST_KEY_UIStatusBarStyle[sdk=iphoneos*]" = UIStatusBarStyleDefault;
				"INFOPLIST_KEY_UIStatusBarStyle[sdk=iphonesimulator*]" = UIStatusBarStyleDefault;
				INFOPLIST_KEY_UISupportedInterfaceOrientations_iPad = "UIInterfaceOrientationPortrait UIInterfaceOrientationPortraitUpsideDown UIInterfaceOrientationLandscapeLeft UIInterfaceOrientationLandscapeRight";
				INFOPLIST_KEY_UISupportedInterfaceOrientations_iPhone = "UIInterfaceOrientationPortrait UIInterfaceOrientationLandscapeLeft UIInterfaceOrientationLandscapeRight";
				IPHONEOS_DEPLOYMENT_TARGET = 18.2;
				LD_RUNPATH_SEARCH_PATHS = "@executable_path/Frameworks";
				"LD_RUNPATH_SEARCH_PATHS[sdk=macosx*]" = "@executable_path/../Frameworks";
				MACOSX_DEPLOYMENT_TARGET = 14.7;
				MARKETING_VERSION = 1.0;
				OTHER_LDFLAGS = "-ObjC";
				PRODUCT_BUNDLE_IDENTIFIER = com.varink.LittlePicto;
				PRODUCT_NAME = "$(TARGET_NAME)";
				SDKROOT = auto;
				SUPPORTED_PLATFORMS = "iphoneos iphonesimulator macosx xros xrsimulator";
				SWIFT_EMIT_LOC_STRINGS = YES;
				SWIFT_VERSION = 5.0;
				TARGETED_DEVICE_FAMILY = "1,2,7";
				XROS_DEPLOYMENT_TARGET = 2.2;
			};
			name = Debug;
		};
		AC3032AE2ED94242009059C6 /* Release */ = {
			isa = XCBuildConfiguration;
			buildSettings = {
				ASSETCATALOG_COMPILER_APPICON_NAME = AppIcon;
				ASSETCATALOG_COMPILER_GLOBAL_ACCENT_COLOR_NAME = AccentColor;
				CODE_SIGN_ENTITLEMENTS = LittlePicto/LittlePicto.entitlements;
				CODE_SIGN_STYLE = Automatic;
				CURRENT_PROJECT_VERSION = 1;
				DEVELOPMENT_ASSET_PATHS = "\"LittlePicto/Preview Content\"";
				DEVELOPMENT_TEAM = ZNZ9Q84XS5;
				ENABLE_HARDENED_RUNTIME = YES;
				ENABLE_PREVIEWS = YES;
				GENERATE_INFOPLIST_FILE = YES;
				"INFOPLIST_KEY_UIApplicationSceneManifest_Generation[sdk=iphoneos*]" = YES;
				"INFOPLIST_KEY_UIApplicationSceneManifest_Generation[sdk=iphonesimulator*]" = YES;
				"INFOPLIST_KEY_UIApplicationSupportsIndirectInputEvents[sdk=iphoneos*]" = YES;
				"INFOPLIST_KEY_UIApplicationSupportsIndirectInputEvents[sdk=iphonesimulator*]" = YES;
				"INFOPLIST_KEY_UILaunchScreen_Generation[sdk=iphoneos*]" = YES;
				"INFOPLIST_KEY_UILaunchScreen_Generation[sdk=iphonesimulator*]" = YES;
				"INFOPLIST_KEY_UIStatusBarStyle[sdk=iphoneos*]" = UIStatusBarStyleDefault;
				"INFOPLIST_KEY_UIStatusBarStyle[sdk=iphonesimulator*]" = UIStatusBarStyleDefault;
				INFOPLIST_KEY_UISupportedInterfaceOrientations_iPad = "UIInterfaceOrientationPortrait UIInterfaceOrientationPortraitUpsideDown UIInterfaceOrientationLandscapeLeft UIInterfaceOrientationLandscapeRight";
				INFOPLIST_KEY_UISupportedInterfaceOrientations_iPhone = "UIInterfaceOrientationPortrait UIInterfaceOrientationLandscapeLeft UIInterfaceOrientationLandscapeRight";
				IPHONEOS_DEPLOYMENT_TARGET = 18.2;
				LD_RUNPATH_SEARCH_PATHS = "@executable_path/Frameworks";
				"LD_RUNPATH_SEARCH_PATHS[sdk=macosx*]" = "@executable_path/../Frameworks";
				MACOSX_DEPLOYMENT_TARGET = 14.7;
				MARKETING_VERSION = 1.0;
				OTHER_LDFLAGS = "-ObjC";
				PRODUCT_BUNDLE_IDENTIFIER = com.varink.LittlePicto;
				PRODUCT_NAME = "$(TARGET_NAME)";
				SDKROOT = auto;
				SUPPORTED_PLATFORMS = "iphoneos iphonesimulator macosx xros xrsimulator";
				SWIFT_EMIT_LOC_STRINGS = YES;
				SWIFT_VERSION = 5.0;
				TARGETED_DEVICE_FAMILY = "1,2,7";
				XROS_DEPLOYMENT_TARGET = 2.2;
			};
			name = Release;
		};
		AC3032B02ED94242009059C6 /* Debug */ = {
			isa = XCBuildConfiguration;
			buildSettings = {
				BUNDLE_LOADER = "$(TEST_HOST)";
				CODE_SIGN_STYLE = Automatic;
				CURRENT_PROJECT_VERSION = 1;
				DEVELOPMENT_TEAM = ZNZ9Q84XS5;
				GENERATE_INFOPLIST_FILE = YES;
				IPHONEOS_DEPLOYMENT_TARGET = 18.2;
				MACOSX_DEPLOYMENT_TARGET = 14.7;
				MARKETING_VERSION = 1.0;
				PRODUCT_BUNDLE_IDENTIFIER = com.varink.LittlePictoTests;
				PRODUCT_NAME = "$(TARGET_NAME)";
				SDKROOT = auto;
				SUPPORTED_PLATFORMS = "iphoneos iphonesimulator macosx xros xrsimulator";
				SWIFT_EMIT_LOC_STRINGS = NO;
				SWIFT_VERSION = 5.0;
				TARGETED_DEVICE_FAMILY = "1,2,7";
				TEST_HOST = "$(BUILT_PRODUCTS_DIR)/LittlePicto.app/$(BUNDLE_EXECUTABLE_FOLDER_PATH)/LittlePicto";
				XROS_DEPLOYMENT_TARGET = 2.2;
			};
			name = Debug;
		};
		AC3032B12ED94242009059C6 /* Release */ = {
			isa = XCBuildConfiguration;
			buildSettings = {
				BUNDLE_LOADER = "$(TEST_HOST)";
				CODE_SIGN_STYLE = Automatic;
				CURRENT_PROJECT_VERSION = 1;
				DEVELOPMENT_TEAM = ZNZ9Q84XS5;
				GENERATE_INFOPLIST_FILE = YES;
				IPHONEOS_DEPLOYMENT_TARGET = 18.2;
				MACOSX_DEPLOYMENT_TARGET = 14.7;
				MARKETING_VERSION = 1.0;
				PRODUCT_BUNDLE_IDENTIFIER = com.varink.LittlePictoTests;
				PRODUCT_NAME = "$(TARGET_NAME)";
				SDKROOT = auto;
				SUPPORTED_PLATFORMS = "iphoneos iphonesimulator macosx xros xrsimulator";
				SWIFT_EMIT_LOC_STRINGS = NO;
				SWIFT_VERSION = 5.0;
				TARGETED_DEVICE_FAMILY = "1,2,7";
				TEST_HOST = "$(BUILT_PRODUCTS_DIR)/LittlePicto.app/$(BUNDLE_EXECUTABLE_FOLDER_PATH)/LittlePicto";
				XROS_DEPLOYMENT_TARGET = 2.2;
			};
			name = Release;
		};
		AC3032B32ED94242009059C6 /* Debug */ = {
			isa = XCBuildConfiguration;
			buildSettings = {
				CODE_SIGN_STYLE = Automatic;
				CURRENT_PROJECT_VERSION = 1;
				DEVELOPMENT_TEAM = ZNZ9Q84XS5;
				GENERATE_INFOPLIST_FILE = YES;
				IPHONEOS_DEPLOYMENT_TARGET = 18.2;
				MACOSX_DEPLOYMENT_TARGET = 14.7;
				MARKETING_VERSION = 1.0;
				PRODUCT_BUNDLE_IDENTIFIER = com.varink.LittlePictoUITests;
				PRODUCT_NAME = "$(TARGET_NAME)";
				SDKROOT = auto;
				SUPPORTED_PLATFORMS = "iphoneos iphonesimulator macosx xros xrsimulator";
				SWIFT_EMIT_LOC_STRINGS = NO;
				SWIFT_VERSION = 5.0;
				TARGETED_DEVICE_FAMILY = "1,2,7";
				TEST_TARGET_NAME = LittlePicto;
				XROS_DEPLOYMENT_TARGET = 2.2;
			};
			name = Debug;
		};
		AC3032B42ED94242009059C6 /* Release */ = {
			isa = XCBuildConfiguration;
			buildSettings = {
				CODE_SIGN_STYLE = Automatic;
				CURRENT_PROJECT_VERSION = 1;
				DEVELOPMENT_TEAM = ZNZ9Q84XS5;
				GENERATE_INFOPLIST_FILE = YES;
				IPHONEOS_DEPLOYMENT_TARGET = 18.2;
				MACOSX_DEPLOYMENT_TARGET = 14.7;
				MARKETING_VERSION = 1.0;
				PRODUCT_BUNDLE_IDENTIFIER = com.varink.LittlePictoUITests;
				PRODUCT_NAME = "$(TARGET_NAME)";
				SDKROOT = auto;
				SUPPORTED_PLATFORMS = "iphoneos iphonesimulator macosx xros xrsimulator";
				SWIFT_EMIT_LOC_STRINGS = NO;
				SWIFT_VERSION = 5.0;
				TARGETED_DEVICE_FAMILY = "1,2,7";
				TEST_TARGET_NAME = LittlePicto;
				XROS_DEPLOYMENT_TARGET = 2.2;
			};
			name = Release;
		};
/* End XCBuildConfiguration section */

/* Begin XCConfigurationList section */
		AC3032822ED9423F009059C6 /* Build configuration list for PBXProject "LittlePicto" */ = {
			isa = XCConfigurationList;
			buildConfigurations = (
				AC3032AA2ED94242009059C6 /* Debug */,
				AC3032AB2ED94242009059C6 /* Release */,
			);
			defaultConfigurationIsVisible = 0;
			defaultConfigurationName = Release;
		};
		AC3032AC2ED94242009059C6 /* Build configuration list for PBXNativeTarget "LittlePicto" */ = {
			isa = XCConfigurationList;
			buildConfigurations = (
				AC3032AD2ED94242009059C6 /* Debug */,
				AC3032AE2ED94242009059C6 /* Release */,
			);
			defaultConfigurationIsVisible = 0;
			defaultConfigurationName = Release;
		};
		AC3032AF2ED94242009059C6 /* Build configuration list for PBXNativeTarget "LittlePictoTests" */ = {
			isa = XCConfigurationList;
			buildConfigurations = (
				AC3032B02ED94242009059C6 /* Debug */,
				AC3032B12ED94242009059C6 /* Release */,
			);
			defaultConfigurationIsVisible = 0;
			defaultConfigurationName = Release;
		};
		AC3032B22ED94242009059C6 /* Build configuration list for PBXNativeTarget "LittlePictoUITests" */ = {
			isa = XCConfigurationList;
			buildConfigurations = (
				AC3032B32ED94242009059C6 /* Debug */,
				AC3032B42ED94242009059C6 /* Release */,
			);
			defaultConfigurationIsVisible = 0;
			defaultConfigurationName = Release;
		};
/* End XCConfigurationList section */

/* Begin XCRemoteSwiftPackageReference section */
		AC3032B72ED96739009059C6 /* XCRemoteSwiftPackageReference "firebase-ios-sdk" */ = {
			isa = XCRemoteSwiftPackageReference;
			repositoryURL = "https://github.com/firebase/firebase-ios-sdk";
			requirement = {
				kind = upToNextMajorVersion;
				minimumVersion = 12.6.0;
			};
		};
/* End XCRemoteSwiftPackageReference section */

/* Begin XCSwiftPackageProductDependency section */
		AC3032F82EDD2CA1009059C6 /* FirebaseAnalytics */ = {
			isa = XCSwiftPackageProductDependency;
			productName = FirebaseAnalytics;
		};
		AC3032FA2EDD2CA1009059C6 /* FirebaseCore */ = {
			isa = XCSwiftPackageProductDependency;
			productName = FirebaseCore;
		};
		AC3032FC2EDD2CA1009059C6 /* FirebaseDatabase */ = {
			isa = XCSwiftPackageProductDependency;
			productName = FirebaseDatabase;
		};
		AC3032FE2EDD3043009059C6 /* FirebaseCore */ = {
			isa = XCSwiftPackageProductDependency;
			productName = FirebaseCore;
		};
		AC3033002EDD3326009059C6 /* FirebaseCore */ = {
			isa = XCSwiftPackageProductDependency;
			productName = FirebaseCore;
		};
		AC40A1012F2F9D8D009059C6 /* FirebaseAuth */ = {
			isa = XCSwiftPackageProductDependency;
			package = AC3032B72ED96739009059C6 /* XCRemoteSwiftPackageReference "firebase-ios-sdk" */;
			productName = FirebaseAuth;
		};
/* End XCSwiftPackageProductDependency section */
	};
	rootObject = AC30327F2ED9423F009059C6 /* Project object */;
}
